
Microsoft Visual Studio Solution File, Format Version 12.00
# Visual Studio 15
VisualStudioVersion = 15.0.28307.271
MinimumVisualStudioVersion = 10.0.40219.1
Project("{FAE04EC0-301F-11D3-BF4B-00C04F79EFBC}") = "HotelManagment", "HotelManagment\HotelManagment.csproj", "{5061BBB7-380A-40DA-8F83-B53E0BC50576}"
EndProject
Global
	GlobalSection(SolutionConfigurationPlatforms) = preSolution
		Debug|Any CPU = Debug|Any CPU
		Release|Any CPU = Release|Any CPU
	EndGlobalSection
	GlobalSection(ProjectConfigurationPlatforms) = postSolution
		{5061BBB7-380A-40DA-8F83-B53E0BC50576}.Debug|Any CPU.ActiveCfg = Debug|Any CPU
		{5061BBB7-380A-40DA-8F83-B53E0BC50576}.Debug|Any CPU.Build.0 = Debug|Any CPU
		{5061BBB7-380A-40DA-8F83-B53E0BC50576}.Release|Any CPU.ActiveCfg = Release|Any CPU
		{5061BBB7-380A-40DA-8F83-B53E0BC50576}.Release|Any CPU.Build.0 = Release|Any CPU
	EndGlobalSection
	GlobalSection(SolutionProperties) = preSolution
		HideSolutionNode = FALSE
	EndGlobalSection
	GlobalSection(ExtensibilityGlobals) = postSolution
		SolutionGuid = {300448B2-CE8E-4E18-A070-EDC235CCC090}
	EndGlobalSection
EndGlobal
